
Microsoft Visual Studio Solution File, Format Version 12.00
# Visual Studio 15
VisualStudioVersion = 15.0.28307.539
MinimumVisualStudioVersion = 10.0.40219.1
Project("{9A19103F-16F7-4668-BE54-9A1E7A4F7556}") = "Lab1BVersion2", "Lab1BVersion2\Lab1BVersion2.csproj", "{EC29AD6F-A040-44AB-B63A-49AB591909C6}"
EndProject
Global
	GlobalSection(SolutionConfigurationPlatforms) = preSolution
		Debug|Any CPU = Debug|Any CPU
		Release|Any CPU = Release|Any CPU
	EndGlobalSection
	GlobalSection(ProjectConfigurationPlatforms) = postSolution
		{EC29AD6F-A040-44AB-B63A-49AB591909C6}.Debug|Any CPU.ActiveCfg = Debug|Any CPU
		{EC29AD6F-A040-44AB-B63A-49AB591909C6}.Debug|Any CPU.Build.0 = Debug|Any CPU
		{EC29AD6F-A040-44AB-B63A-49AB591909C6}.Release|Any CPU.ActiveCfg = Release|Any CPU
		{EC29AD6F-A040-44AB-B63A-49AB591909C6}.Release|Any CPU.Build.0 = Release|Any CPU
	EndGlobalSection
	GlobalSection(SolutionProperties) = preSolution
		HideSolutionNode = FALSE
	EndGlobalSection
	GlobalSection(ExtensibilityGlobals) = postSolution
		SolutionGuid = {2646BB63-85BC-4B7B-B277-47DCF8E17105}
	EndGlobalSection
EndGlobal
